<?xml version="1.0" encoding="utf-8"?>
<Project ToolsVersion="4.0" xmlns="http://schemas.microsoft.com/developer/msbuild/2003">
  <ItemGroup>
    <Filter Include="Source Files">
      <UniqueIdentifier>{4FC737F1-C7A5-4376-A066-2A32D752A2FF}</UniqueIdentifier>
      <Extensions>cpp;c;cc;cxx;def;odl;idl;hpj;bat;asm;asmx</Extensions>
    </Filter>
    <Filter Include="Header Files">
      <UniqueIdentifier>{93995380-89BD-4b04-88EB-625FBE52EBFB}</UniqueIdentifier>
      <Extensions>h;hh;hpp;hxx;hm;inl;inc;ipp;xsd</Extensions>
    </Filter>
    <Filter Include="Resource Files">
      <UniqueIdentifier>{67DA6AB6-F800-4c08-8B7A-83BB121AAD01}</UniqueIdentifier>
      <Extensions>rc;ico;cur;bmp;dlg;rc2;rct;bin;rgs;gif;jpg;jpeg;jpe;resx;tiff;tif;png;wav;mfcribbon-ms</Extensions>
    </Filter>
    <Filter Include="Animation">
      <UniqueIdentifier>{eced38b8-baf5-42cd-bf03-5942bbfcd9ee}</UniqueIdentifier>
    </Filter>
    <Filter Include="Object">
      <UniqueIdentifier>{9b94f57e-8eec-4665-bfbb-fcb8964030e9}</UniqueIdentifier>
    </Filter>
    <Filter Include="Collision">
      <UniqueIdentifier>{afe4aadc-f55d-49ab-abd9-2837e45242bd}</UniqueIdentifier>
    </Filter>
    <Filter Include="TileMap">
      <UniqueIdentifier>{9f1aded5-18fa-4414-b890-5b20b96ebae4}</UniqueIdentifier>
    </Filter>
    <Filter Include="Object\ChildObject">
      <UniqueIdentifier>{0e27f45e-2b50-432a-9b84-98380e374768}</UniqueIdentifier>
    </Filter>
    <Filter Include="Object\ChildObject\Player">
      <UniqueIdentifier>{08fb6fa5-4913-4646-bbd8-3daeee3f994c}</UniqueIdentifier>
    </Filter>
    <Filter Include="Grid">
      <UniqueIdentifier>{b3fb7be7-9a8a-45cd-8e1c-c91dc8ef36cb}</UniqueIdentifier>
    </Filter>
    <Filter Include="Object\ChildObject\Camera">
      <UniqueIdentifier>{7c1658fe-ea01-4f0b-83c5-d8566882e9bd}</UniqueIdentifier>
    </Filter>
    <Filter Include="Level">
      <UniqueIdentifier>{511e7d86-7ce9-41f5-99ca-e2d3ec19bee4}</UniqueIdentifier>
    </Filter>
    <Filter Include="InputKey">
      <UniqueIdentifier>{82ce20ea-8c49-45a5-b35d-90145c92e29b}</UniqueIdentifier>
    </Filter>
  </ItemGroup>
  <ItemGroup>
    <ClInclude Include="Game.h">
      <Filter>Header Files</Filter>
    </ClInclude>
    <ClInclude Include="debug.h">
      <Filter>Header Files</Filter>
    </ClInclude>
    <ClInclude Include="Animation.h">
      <Filter>Animation</Filter>
    </ClInclude>
    <ClInclude Include="GameTime.h">
      <Filter>Header Files</Filter>
    </ClInclude>
    <ClInclude Include="FrameAnimation.h">
      <Filter>Animation</Filter>
    </ClInclude>
    <ClInclude Include="GameUtils.h">
      <Filter>Header Files</Filter>
    </ClInclude>
    <ClInclude Include="Tilemap.h">
      <Filter>TileMap</Filter>
    </ClInclude>
    <ClInclude Include="TextureManager.h">
      <Filter>Animation</Filter>
    </ClInclude>
    <ClInclude Include="Level.h">
      <Filter>Level</Filter>
    </ClInclude>
    <ClInclude Include="Collision.h">
      <Filter>Collision</Filter>
    </ClInclude>
    <ClInclude Include="GraphicsAssets.h">
      <Filter>Animation</Filter>
    </ClInclude>
    <ClInclude Include="GraphicsAssetsManager.h">
      <Filter>Animation</Filter>
    </ClInclude>
    <ClInclude Include="KeyEventHandler.h">
      <Filter>InputKey</Filter>
    </ClInclude>
    <ClInclude Include="HandleGameKeyBoard.h">
      <Filter>InputKey</Filter>
    </ClInclude>
    <ClInclude Include="WorldChildManager.h">
      <Filter>Level</Filter>
    </ClInclude>
    <ClInclude Include="ObjectTagGroupManager.h">
      <Filter>Collision</Filter>
    </ClInclude>
    <ClInclude Include="Player.h">
      <Filter>Object\ChildObject\Player</Filter>
    </ClInclude>
    <ClInclude Include="DelayTime.h">
      <Filter>Header Files</Filter>
    </ClInclude>
    <ClInclude Include="Grid.h">
      <Filter>Grid</Filter>
    </ClInclude>
    <ClInclude Include="Cell.h">
      <Filter>Grid</Filter>
    </ClInclude>
    <ClInclude Include="Camera.h">
      <Filter>Object\ChildObject\Camera</Filter>
    </ClInclude>
    <ClInclude Include="Define.h">
      <Filter>Header Files</Filter>
    </ClInclude>
    <ClInclude Include="BaseObject.h">
      <Filter>Object</Filter>
    </ClInclude>
  </ItemGroup>
  <ItemGroup>
    <ClCompile Include="Game.cpp">
      <Filter>Source Files</Filter>
    </ClCompile>
    <ClCompile Include="debug.cpp">
      <Filter>Source Files</Filter>
    </ClCompile>
    <ClCompile Include="WinMain.cpp">
      <Filter>Source Files</Filter>
    </ClCompile>
    <ClCompile Include="Animation.cpp">
      <Filter>Animation</Filter>
    </ClCompile>
    <ClCompile Include="GameTime.cpp">
      <Filter>Source Files</Filter>
    </ClCompile>
    <ClCompile Include="FrameAnimation.cpp">
      <Filter>Animation</Filter>
    </ClCompile>
    <ClCompile Include="GameUtils.cpp">
      <Filter>Source Files</Filter>
    </ClCompile>
    <ClCompile Include="Tilemap.cpp">
      <Filter>TileMap</Filter>
    </ClCompile>
    <ClCompile Include="Level.cpp">
      <Filter>Level</Filter>
    </ClCompile>
    <ClCompile Include="TextureManager.cpp">
      <Filter>Animation</Filter>
    </ClCompile>
    <ClCompile Include="Collision.cpp">
      <Filter>Collision</Filter>
    </ClCompile>
    <ClCompile Include="GraphicsAssets.cpp">
      <Filter>Animation</Filter>
    </ClCompile>
    <ClCompile Include="GraphicsAssetsManager.cpp">
      <Filter>Animation</Filter>
    </ClCompile>
    <ClCompile Include="HandleGameKeyBoard.cpp">
      <Filter>InputKey</Filter>
    </ClCompile>
    <ClCompile Include="WorldChildManager.cpp">
      <Filter>Level</Filter>
    </ClCompile>
    <ClCompile Include="ObjectTagGroupManager.cpp">
      <Filter>Collision</Filter>
    </ClCompile>
    <ClCompile Include="Player.cpp">
      <Filter>Object\ChildObject\Player</Filter>
    </ClCompile>
    <ClCompile Include="DelayTime.cpp">
      <Filter>Source Files</Filter>
    </ClCompile>
    <ClCompile Include="Grid.cpp">
      <Filter>Grid</Filter>
    </ClCompile>
    <ClCompile Include="Cell.cpp">
      <Filter>Grid</Filter>
    </ClCompile>
    <ClCompile Include="Camera.cpp">
      <Filter>Object\ChildObject\Camera</Filter>
    </ClCompile>
    <ClCompile Include="BaseObject.cpp">
      <Filter>Object</Filter>
    </ClCompile>
  </ItemGroup>
</Project>